
Microsoft Visual Studio Solution File, Format Version 12.00
# Visual Studio Version 17
VisualStudioVersion = 17.8.34525.116
MinimumVisualStudioVersion = 10.0.40219.1
Project("{FAE04EC0-301F-11D3-BF4B-00C04F79EFBC}") = "Projeto01", "Projeto01.csproj", "{519B378A-3690-40EC-9E4F-766FB985FEB2}"
EndProject
Global
	GlobalSection(SolutionConfigurationPlatforms) = preSolution
		Debug|Any CPU = Debug|Any CPU
		Release|Any CPU = Release|Any CPU
	EndGlobalSection
	GlobalSection(ProjectConfigurationPlatforms) = postSolution
		{519B378A-3690-40EC-9E4F-766FB985FEB2}.Debug|Any CPU.ActiveCfg = Debug|Any CPU
		{519B378A-3690-40EC-9E4F-766FB985FEB2}.Debug|Any CPU.Build.0 = Debug|Any CPU
		{519B378A-3690-40EC-9E4F-766FB985FEB2}.Release|Any CPU.ActiveCfg = Release|Any CPU
		{519B378A-3690-40EC-9E4F-766FB985FEB2}.Release|Any CPU.Build.0 = Release|Any CPU
	EndGlobalSection
	GlobalSection(SolutionProperties) = preSolution
		HideSolutionNode = FALSE
	EndGlobalSection
	GlobalSection(ExtensibilityGlobals) = postSolution
		SolutionGuid = {8BAE4AF9-53D0-4AF5-8D91-9E19D87C10F8}
	EndGlobalSection
EndGlobal
